
Microsoft Visual Studio Solution File, Format Version 12.00
# Visual Studio Version 17
VisualStudioVersion = 17.12.35527.113
MinimumVisualStudioVersion = 10.0.40219.1
Project("{FAE04EC0-301F-11D3-BF4B-00C04F79EFBC}") = "Joya.Api", "Joya.Api\Joya.Api.csproj", "{D9C0B271-D565-4892-9EAB-87A183CE8444}"
EndProject
Project("{2150E333-8FDC-42A3-9474-1A3956D46DE8}") = "Core", "Core", "{947C035C-ADB5-43FA-BE80-38C6C35E350D}"
EndProject
Project("{FAE04EC0-301F-11D3-BF4B-00C04F79EFBC}") = "Domain", "Domain\Domain.csproj", "{984B49CA-A1E6-4407-9C0F-8B6BBC14B231}"
EndProject
Project("{2150E333-8FDC-42A3-9474-1A3956D46DE8}") = "Infrastructure", "Infrastructure", "{84E5E354-EC35-4612-B01C-CF7F0E82CD91}"
EndProject
Project("{FAE04EC0-301F-11D3-BF4B-00C04F79EFBC}") = "Persistence", "Persistence\Persistence.csproj", "{E0B3547A-9679-4D6C-8DBE-C014D34ED21D}"
EndProject
Project("{FAE04EC0-301F-11D3-BF4B-00C04F79EFBC}") = "Persentation", "Persentation\Persentation.csproj", "{E6CE089F-A4BC-485E-9BC3-77916442669F}"
EndProject
Global
	GlobalSection(SolutionConfigurationPlatforms) = preSolution
		Debug|Any CPU = Debug|Any CPU
		Release|Any CPU = Release|Any CPU
	EndGlobalSection
	GlobalSection(ProjectConfigurationPlatforms) = postSolution
		{D9C0B271-D565-4892-9EAB-87A183CE8444}.Debug|Any CPU.ActiveCfg = Debug|Any CPU
		{D9C0B271-D565-4892-9EAB-87A183CE8444}.Debug|Any CPU.Build.0 = Debug|Any CPU
		{D9C0B271-D565-4892-9EAB-87A183CE8444}.Release|Any CPU.ActiveCfg = Release|Any CPU
		{D9C0B271-D565-4892-9EAB-87A183CE8444}.Release|Any CPU.Build.0 = Release|Any CPU
		{984B49CA-A1E6-4407-9C0F-8B6BBC14B231}.Debug|Any CPU.ActiveCfg = Debug|Any CPU
		{984B49CA-A1E6-4407-9C0F-8B6BBC14B231}.Debug|Any CPU.Build.0 = Debug|Any CPU
		{984B49CA-A1E6-4407-9C0F-8B6BBC14B231}.Release|Any CPU.ActiveCfg = Release|Any CPU
		{984B49CA-A1E6-4407-9C0F-8B6BBC14B231}.Release|Any CPU.Build.0 = Release|Any CPU
		{E0B3547A-9679-4D6C-8DBE-C014D34ED21D}.Debug|Any CPU.ActiveCfg = Debug|Any CPU
		{E0B3547A-9679-4D6C-8DBE-C014D34ED21D}.Debug|Any CPU.Build.0 = Debug|Any CPU
		{E0B3547A-9679-4D6C-8DBE-C014D34ED21D}.Release|Any CPU.ActiveCfg = Release|Any CPU
		{E0B3547A-9679-4D6C-8DBE-C014D34ED21D}.Release|Any CPU.Build.0 = Release|Any CPU
		{E6CE089F-A4BC-485E-9BC3-77916442669F}.Debug|Any CPU.ActiveCfg = Debug|Any CPU
		{E6CE089F-A4BC-485E-9BC3-77916442669F}.Debug|Any CPU.Build.0 = Debug|Any CPU
		{E6CE089F-A4BC-485E-9BC3-77916442669F}.Release|Any CPU.ActiveCfg = Release|Any CPU
		{E6CE089F-A4BC-485E-9BC3-77916442669F}.Release|Any CPU.Build.0 = Release|Any CPU
	EndGlobalSection
	GlobalSection(SolutionProperties) = preSolution
		HideSolutionNode = FALSE
	EndGlobalSection
	GlobalSection(NestedProjects) = preSolution
		{984B49CA-A1E6-4407-9C0F-8B6BBC14B231} = {947C035C-ADB5-43FA-BE80-38C6C35E350D}
		{E0B3547A-9679-4D6C-8DBE-C014D34ED21D} = {84E5E354-EC35-4612-B01C-CF7F0E82CD91}
		{E6CE089F-A4BC-485E-9BC3-77916442669F} = {84E5E354-EC35-4612-B01C-CF7F0E82CD91}
	EndGlobalSection
EndGlobal
